
Microsoft Visual Studio Solution File, Format Version 12.00
# Visual Studio Version 16
VisualStudioVersion = 16.0.30907.101
MinimumVisualStudioVersion = 10.0.40219.1
Project("{FAE04EC0-301F-11D3-BF4B-00C04F79EFBC}") = "MyDictionaryDemo", "MyDictionaryDemo\MyDictionaryDemo.csproj", "{98E57665-51D5-4CBC-9778-9486114992A3}"
EndProject
Global
	GlobalSection(SolutionConfigurationPlatforms) = preSolution
		Debug|Any CPU = Debug|Any CPU
		Release|Any CPU = Release|Any CPU
	EndGlobalSection
	GlobalSection(ProjectConfigurationPlatforms) = postSolution
		{98E57665-51D5-4CBC-9778-9486114992A3}.Debug|Any CPU.ActiveCfg = Debug|Any CPU
		{98E57665-51D5-4CBC-9778-9486114992A3}.Debug|Any CPU.Build.0 = Debug|Any CPU
		{98E57665-51D5-4CBC-9778-9486114992A3}.Release|Any CPU.ActiveCfg = Release|Any CPU
		{98E57665-51D5-4CBC-9778-9486114992A3}.Release|Any CPU.Build.0 = Release|Any CPU
	EndGlobalSection
	GlobalSection(SolutionProperties) = preSolution
		HideSolutionNode = FALSE
	EndGlobalSection
	GlobalSection(ExtensibilityGlobals) = postSolution
		SolutionGuid = {491736CD-4DBC-425C-A881-E10D0AD31F82}
	EndGlobalSection
EndGlobal
